{
  "name": "ralph-tools",
  "version": "1.0.0",
  "lockfileVersion": 3,
  "requires": true,
  "packages": {
    "": {
      "name": "ralph-tools",
      "version": "1.0.0",
      "dependencies": {
        "@duckdb/node-api": "^1.5.1-r.1",
        "js-yaml": "^4.1.0"
      }
    },
    "node_modules/@duckdb/node-api": {
      "version": "1.5.1-r.1",
      "resolved": "https://registry.npmjs.org/@duckdb/node-api/-/node-api-1.5.1-r.1.tgz",
      "integrity": "sha512-8U8p44ZL4rJtUrgVaSLm2hOMk3XTwEgs5eJoxYiR6iQXKVEr8vi6z3Vrxhb61g9sgsEZIAmckD7e3zZ1lmPHYA==",
      "license": "MIT",
      "dependencies": {
        "@duckdb/node-bindings": "1.5.1-r.1"
      }
    },
    "node_modules/@duckdb/node-bindings": {
      "version": "1.5.1-r.1",
      "resolved": "https://registry.npmjs.org/@duckdb/node-bindings/-/node-bindings-1.5.1-r.1.tgz",
      "integrity": "sha512-3vmIlY/ACTLutlMup4F+D2Gzo+kiUoMaIL4TvM4x34cMqnKfsZ+4lMjqfSKYmdcgNGXYXwPwIYaJlvMRhU3Tbg==",
      "license": "MIT",
      "optionalDependencies": {
        "@duckdb/node-bindings-darwin-arm64": "1.5.1-r.1",
        "@duckdb/node-bindings-darwin-x64": "1.5.1-r.1",
        "@duckdb/node-bindings-linux-arm64": "1.5.1-r.1",
        "@duckdb/node-bindings-linux-x64": "1.5.1-r.1",
        "@duckdb/node-bindings-win32-arm64": "1.5.1-r.1",
        "@duckdb/node-bindings-win32-x64": "1.5.1-r.1"
      }
    },
    "node_modules/@duckdb/node-bindings-darwin-arm64": {
      "version": "1.5.1-r.1",
      "resolved": "https://registry.npmjs.org/@duckdb/node-bindings-darwin-arm64/-/node-bindings-darwin-arm64-1.5.1-r.1.tgz",
      "integrity": "sha512-vm0Q/P8/OB/ZDITNTUe80emlg0b7/EcqTPBRu4GmULbt/fFDtkEAjDHDblKZL1yazf7X6JFEabHBGuWL5jmjEw==",
      "cpu": [
        "arm64"
      ],
      "license": "MIT",
      "optional": true,
      "os": [
        "darwin"
      ]
    },
    "node_modules/@duckdb/node-bindings-darwin-x64": {
      "version": "1.5.1-r.1",
      "resolved": "https://registry.npmjs.org/@duckdb/node-bindings-darwin-x64/-/node-bindings-darwin-x64-1.5.1-r.1.tgz",
      "integrity": "sha512-GOKWYbOP1v5jppGjlCaQzvyzVnY8/dGd7UJcnT213uiSMq/mtQk2yvzZCPhq7UdxmqR0TSd+TKttpozd8ANyOQ==",
      "cpu": [
        "x64"
      ],
      "license": "MIT",
      "optional": true,
      "os": [
        "darwin"
      ]
    },
    "node_modules/@duckdb/node-bindings-linux-arm64": {
      "version": "1.5.1-r.1",
      "resolved": "https://registry.npmjs.org/@duckdb/node-bindings-linux-arm64/-/node-bindings-linux-arm64-1.5.1-r.1.tgz",
      "integrity": "sha512-b0tHCtC+GZnD6gJA+ldUwy8FhnugR1Uq0/LjLiusOQOoK5pRXyfiQjgIe/SiKSeE5iEr+FWUXEprSD81HOaaQg==",
      "cpu": [
        "arm64"
      ],
      "license": "MIT",
      "optional": true,
      "os": [
        "linux"
      ]
    },
    "node_modules/@duckdb/node-bindings-linux-x64": {
      "version": "1.5.1-r.1",
      "resolved": "https://registry.npmjs.org/@duckdb/node-bindings-linux-x64/-/node-bindings-linux-x64-1.5.1-r.1.tgz",
      "integrity": "sha512-AczM4qyMuMXHIa7w1YacIu6FFPpwzUsQSkPUFKsAJzyuRcxAlGEwt+2GnVZSACGQFpKbL9nAkuu3Icq6ttxwag==",
      "cpu": [
        "x64"
      ],
      "license": "MIT",
      "optional": true,
      "os": [
        "linux"
      ]
    },
    "node_modules/@duckdb/node-bindings-win32-arm64": {
      "version": "1.5.1-r.1",
      "resolved": "https://registry.npmjs.org/@duckdb/node-bindings-win32-arm64/-/node-bindings-win32-arm64-1.5.1-r.1.tgz",
      "integrity": "sha512-SrgAiFttkfFXCCAMrmMBWtnBMtEjVaC38XtG6zEdbvmp2RTEPo/dFcvRP75vS/Hm5Iq8Tgiuoq4tIdovwEw5yg==",
      "cpu": [
        "arm64"
      ],
      "license": "MIT",
      "optional": true,
      "os": [
        "win32"
      ]
    },
    "node_modules/@duckdb/node-bindings-win32-x64": {
      "version": "1.5.1-r.1",
      "resolved": "https://registry.npmjs.org/@duckdb/node-bindings-win32-x64/-/node-bindings-win32-x64-1.5.1-r.1.tgz",
      "integrity": "sha512-JkL9xvXx9i8ceU1fGJsb9gqgRn30RFi0HyfpuESK2AZInKx5mJn8fvYcj4AQg/Ip9SZ1S4a2Jh5DOFY81koubw==",
      "cpu": [
        "x64"
      ],
      "license": "MIT",
      "optional": true,
      "os": [
        "win32"
      ]
    },
    "node_modules/argparse": {
      "version": "2.0.1",
      "resolved": "https://registry.npmjs.org/argparse/-/argparse-2.0.1.tgz",
      "integrity": "sha512-8+9WqebbFzpX9OR+Wa6O29asIogeRMzcGtAINdpMHHyAg10f05aSFVBbcEqGf/PXw1EjAZ+q2/bEBg3DvurK3Q==",
      "license": "Python-2.0"
    },
    "node_modules/js-yaml": {
      "version": "4.1.1",
      "resolved": "https://registry.npmjs.org/js-yaml/-/js-yaml-4.1.1.tgz",
      "integrity": "sha512-qQKT4zQxXl8lLwBtHMWwaTcGfFOZviOJet3Oy/xmGk2gZH677CJM9EvtfdSkgWcATZhj/55JZ0rmy3myCT5lsA==",
      "license": "MIT",
      "dependencies": {
        "argparse": "^2.0.1"
      },
      "bin": {
        "js-yaml": "bin/js-yaml.js"
      }
    }
  }
}
